{"alias":{"AARCH64_DARWIN":{"go:1.24.2":"eb098761ea3cfdab2e80e3df9289f7e0c0fff32caa830b669071dfb8af0cc97c","goimports:0.29.0":"56ddd548e9d0a899c00425448f561422f41f1ed6a27ebc1a93e941cab7a2face","gopls:0.29.0":"90d25b26c7ab9d971a99c3874609c882477df5512ac4804b089abc2aa0becb53","grpcurl:1.9.3":"2ddb2727eb08ca8fd431c6834f15a01dc0fd1d22734813e88fe13a3ea8b6dcf7","protoc-gen-go-grpc:1.70.0":"cc458ac9656580fd16254cb2fbdff4016fa437c1933380612b0359adfdf98d07","protoc-gen-go:1.36.3":"69cdf8e532104a4e0515a18d23378704611b31488b3181257a3a3ac06b12a706","protoc:25.4":"479292d7c896a7379c8218a6671093f80c7d9af40cb4c13499e35398d26f4f56","rust-toolchain:1.83.0":"364dc4a2b3d7455a0438d2fff885b15ef082079d74ec48c5885a51e8c729bd40","staticcheck:2025.1.1":"c252a404a04fe6bb251f2a9cc352661403fe1f3f682ca82e71360d81ae7a07ca"}}}