lockfile = 1
sources = []

[[artifacts]]
name = "cargo"
digest = "8c591dc360151eb0360a6f5cfe9db59a56811de068e8d6d97f3e0f7432ac6f67"
aliases = []
systems = [
    "AARCH64_DARWIN",
    "AARCH64_LINUX",
    "X8664_DARWIN",
    "X8664_LINUX",
]
deps = []

[[artifacts]]
name = "clippy"
digest = "a41792bb64c19cc593ccc8795ad4fcaed4114b82c13fd5b15fb42a055c187724"
aliases = []
systems = [
    "AARCH64_DARWIN",
    "AARCH64_LINUX",
    "X8664_DARWIN",
    "X8664_LINUX",
]
deps = []

[[artifacts]]
name = "protoc"
digest = "479292d7c896a7379c8218a6671093f80c7d9af40cb4c13499e35398d26f4f56"
aliases = ["protoc:25.4"]
systems = [
    "AARCH64_DARWIN",
    "AARCH64_LINUX",
    "X8664_DARWIN",
    "X8664_LINUX",
]
deps = []

[[artifacts]]
name = "rust-analyzer"
digest = "9ecc9c95ac5f381a9c1bd15d7744c57f36a144220fb57909e15f9da1ff41da4d"
aliases = []
systems = [
    "AARCH64_DARWIN",
    "AARCH64_LINUX",
    "X8664_DARWIN",
    "X8664_LINUX",
]
deps = []

[[artifacts]]
name = "rust-src"
digest = "262870257c3f29e0aaf1e85e6e79ab5086eea7db65b238e7c1c7f285a4183b54"
aliases = []
systems = [
    "AARCH64_DARWIN",
    "AARCH64_LINUX",
    "X8664_DARWIN",
    "X8664_LINUX",
]
deps = []

[[artifacts]]
name = "rust-std"
digest = "a27b1acd622641369bca2ba1e206557f0c823d86e7b2dc0da90c5bcce5f3e0c7"
aliases = []
systems = [
    "AARCH64_DARWIN",
    "AARCH64_LINUX",
    "X8664_DARWIN",
    "X8664_LINUX",
]
deps = []

[[artifacts]]
name = "rust-toolchain"
digest = "1a499b8f5ca6c4cb9fbd02d80ab3ef69cbc267b7709da65f04d983fcb8c37aeb"
aliases = ["rust-toolchain:1.88.0"]
systems = [
    "AARCH64_DARWIN",
    "AARCH64_LINUX",
    "X8664_DARWIN",
    "X8664_LINUX",
]
deps = [
    "8c591dc360151eb0360a6f5cfe9db59a56811de068e8d6d97f3e0f7432ac6f67",
    "a41792bb64c19cc593ccc8795ad4fcaed4114b82c13fd5b15fb42a055c187724",
    "9ecc9c95ac5f381a9c1bd15d7744c57f36a144220fb57909e15f9da1ff41da4d",
    "262870257c3f29e0aaf1e85e6e79ab5086eea7db65b238e7c1c7f285a4183b54",
    "a27b1acd622641369bca2ba1e206557f0c823d86e7b2dc0da90c5bcce5f3e0c7",
    "d59e4df26f8778e9e0cb3e29183cd4ff95d3f03b0a3478d8d513e35b03553c9d",
    "f66be7a8271bee87c32a8b835c41263b5298c1c5cbb1f9d791f23f0a63de6442",
]

[[artifacts]]
name = "rustc"
digest = "d59e4df26f8778e9e0cb3e29183cd4ff95d3f03b0a3478d8d513e35b03553c9d"
aliases = []
systems = [
    "AARCH64_DARWIN",
    "AARCH64_LINUX",
    "X8664_DARWIN",
    "X8664_LINUX",
]
deps = []

[[artifacts]]
name = "rustfmt"
digest = "f66be7a8271bee87c32a8b835c41263b5298c1c5cbb1f9d791f23f0a63de6442"
aliases = []
systems = [
    "AARCH64_DARWIN",
    "AARCH64_LINUX",
    "X8664_DARWIN",
    "X8664_LINUX",
]
deps = []

[[artifacts]]
name = "vorpal"
digest = "e35658fff48b39d4503658d42743c9d6a445cfa037e7e4be11b64c4fcbce04b2"
aliases = []
systems = [
    "AARCH64_DARWIN",
    "AARCH64_LINUX",
    "X8664_DARWIN",
    "X8664_LINUX",
]
deps = [
    "1a499b8f5ca6c4cb9fbd02d80ab3ef69cbc267b7709da65f04d983fcb8c37aeb",
    "b5033ae2e570cd183352e1c863042fd20c17dbcd7463e1ff36e1863fe849817a",
    "479292d7c896a7379c8218a6671093f80c7d9af40cb4c13499e35398d26f4f56",
]

[[artifacts]]
name = "vorpal-config"
digest = "3f5c61415c503673e4f4b1c36c6b76a69e8f9f540d6c85af7d32d2aec872a62a"
aliases = []
systems = ["AARCH64_DARWIN"]
deps = [
    "1a499b8f5ca6c4cb9fbd02d80ab3ef69cbc267b7709da65f04d983fcb8c37aeb",
    "44ee412335be7536fde944029fc4ee9521e215aee484c98185ffd84f7f8af9ac",
    "479292d7c896a7379c8218a6671093f80c7d9af40cb4c13499e35398d26f4f56",
]

[[artifacts]]
name = "vorpal-config-vendor"
digest = "44ee412335be7536fde944029fc4ee9521e215aee484c98185ffd84f7f8af9ac"
aliases = []
systems = ["AARCH64_DARWIN"]
deps = ["1a499b8f5ca6c4cb9fbd02d80ab3ef69cbc267b7709da65f04d983fcb8c37aeb"]

[[artifacts]]
name = "vorpal-vendor"
digest = "b5033ae2e570cd183352e1c863042fd20c17dbcd7463e1ff36e1863fe849817a"
aliases = []
systems = [
    "AARCH64_DARWIN",
    "AARCH64_LINUX",
    "X8664_DARWIN",
    "X8664_LINUX",
]
deps = ["1a499b8f5ca6c4cb9fbd02d80ab3ef69cbc267b7709da65f04d983fcb8c37aeb"]

[[artifacts]]
name = "go"
digest = "eb098761ea3cfdab2e80e3df9289f7e0c0fff32caa830b669071dfb8af0cc97c"
aliases = ["go:1.24.2"]
systems = [
    "AARCH64_DARWIN",
    "AARCH64_LINUX",
    "X8664_DARWIN",
    "X8664_LINUX",
]
deps = []

[[artifacts]]
name = "goimports"
digest = "56ddd548e9d0a899c00425448f561422f41f1ed6a27ebc1a93e941cab7a2face"
aliases = ["goimports:0.29.0"]
systems = [
    "AARCH64_DARWIN",
    "AARCH64_LINUX",
    "X8664_DARWIN",
    "X8664_LINUX",
]
deps = ["eb098761ea3cfdab2e80e3df9289f7e0c0fff32caa830b669071dfb8af0cc97c"]

[[artifacts]]
name = "gopls"
digest = "90d25b26c7ab9d971a99c3874609c882477df5512ac4804b089abc2aa0becb53"
aliases = ["gopls:0.29.0"]
systems = [
    "AARCH64_DARWIN",
    "AARCH64_LINUX",
    "X8664_DARWIN",
    "X8664_LINUX",
]
deps = ["eb098761ea3cfdab2e80e3df9289f7e0c0fff32caa830b669071dfb8af0cc97c"]

[[artifacts]]
name = "grpcurl"
digest = "2ddb2727eb08ca8fd431c6834f15a01dc0fd1d22734813e88fe13a3ea8b6dcf7"
aliases = ["grpcurl:1.9.3"]
systems = [
    "AARCH64_DARWIN",
    "AARCH64_LINUX",
    "X8664_DARWIN",
    "X8664_LINUX",
]
deps = [
    "eb098761ea3cfdab2e80e3df9289f7e0c0fff32caa830b669071dfb8af0cc97c",
    "479292d7c896a7379c8218a6671093f80c7d9af40cb4c13499e35398d26f4f56",
]

[[artifacts]]
name = "protoc-gen-go"
digest = "69cdf8e532104a4e0515a18d23378704611b31488b3181257a3a3ac06b12a706"
aliases = ["protoc-gen-go:1.36.3"]
systems = [
    "AARCH64_DARWIN",
    "AARCH64_LINUX",
    "X8664_DARWIN",
    "X8664_LINUX",
]
deps = []

[[artifacts]]
name = "protoc-gen-go-grpc"
digest = "cc458ac9656580fd16254cb2fbdff4016fa437c1933380612b0359adfdf98d07"
aliases = ["protoc-gen-go-grpc:1.70.0"]
systems = [
    "AARCH64_DARWIN",
    "AARCH64_LINUX",
    "X8664_DARWIN",
    "X8664_LINUX",
]
deps = ["eb098761ea3cfdab2e80e3df9289f7e0c0fff32caa830b669071dfb8af0cc97c"]

[[artifacts]]
name = "staticcheck"
digest = "c252a404a04fe6bb251f2a9cc352661403fe1f3f682ca82e71360d81ae7a07ca"
aliases = ["staticcheck:2025.1.1"]
systems = [
    "AARCH64_DARWIN",
    "AARCH64_LINUX",
    "X8664_DARWIN",
    "X8664_LINUX",
]
deps = ["eb098761ea3cfdab2e80e3df9289f7e0c0fff32caa830b669071dfb8af0cc97c"]

[[artifacts]]
name = "vorpal-devenv"
digest = "c1bc8faf8f05c977e84a790aada5f56d8c0cf4f6227a02c0b858e2aae638cafe"
aliases = []
systems = [
    "AARCH64_DARWIN",
    "AARCH64_LINUX",
    "X8664_DARWIN",
    "X8664_LINUX",
]
deps = [
    "eb098761ea3cfdab2e80e3df9289f7e0c0fff32caa830b669071dfb8af0cc97c",
    "56ddd548e9d0a899c00425448f561422f41f1ed6a27ebc1a93e941cab7a2face",
    "90d25b26c7ab9d971a99c3874609c882477df5512ac4804b089abc2aa0becb53",
    "2ddb2727eb08ca8fd431c6834f15a01dc0fd1d22734813e88fe13a3ea8b6dcf7",
    "479292d7c896a7379c8218a6671093f80c7d9af40cb4c13499e35398d26f4f56",
    "69cdf8e532104a4e0515a18d23378704611b31488b3181257a3a3ac06b12a706",
    "cc458ac9656580fd16254cb2fbdff4016fa437c1933380612b0359adfdf98d07",
    "c252a404a04fe6bb251f2a9cc352661403fe1f3f682ca82e71360d81ae7a07ca",
]
