lockfile = 1

[[sources]]
name = "cargo"
path = "https://static.rust-lang.org/dist/cargo-1.93.1-aarch64-apple-darwin.tar.gz"
includes = []
excludes = []
digest = "ad2506123158e906da7e118e4077dfca5995ee120e2693444a3647b7249be808"
platform = "aarch64-darwin"

[[sources]]
name = "clippy"
path = "https://static.rust-lang.org/dist/clippy-1.93.1-aarch64-apple-darwin.tar.gz"
includes = []
excludes = []
digest = "098f2d1d808bc417bfa1dc63419ffedb1781ca65dd780858c0f8f67e9decb57b"
platform = "aarch64-darwin"

[[sources]]
name = "protoc"
path = "https://github.com/protocolbuffers/protobuf/releases/download/v25.4/protoc-25.4-osx-aarch_64.zip"
includes = []
excludes = []
digest = "d105abb1c1d2c024f29df884f0592f1307984d63aeb10f0e61ccb94aee2c2feb"
platform = "aarch64-darwin"

[[sources]]
name = "rust-analyzer"
path = "https://static.rust-lang.org/dist/rust-analyzer-1.93.1-aarch64-apple-darwin.tar.gz"
includes = []
excludes = []
digest = "5389db13945d33e320e4ddb44c558fda83923ceeac0d9931d6deae8ec2373bd6"
platform = "aarch64-darwin"

[[sources]]
name = "rust-src"
path = "https://static.rust-lang.org/dist/rust-src-1.93.1.tar.gz"
includes = []
excludes = []
digest = "52da4bcd8bd8e2d0ae2635e1503efa8f5838bd18958b983d52336d73896e7172"
platform = "aarch64-darwin"

[[sources]]
name = "rust-std"
path = "https://static.rust-lang.org/dist/rust-std-1.93.1-aarch64-apple-darwin.tar.gz"
includes = []
excludes = []
digest = "0db6b692d4782e80abd92bd18a1f0797229472c62f40417cdc975fb8f3413ee3"
platform = "aarch64-darwin"

[[sources]]
name = "rustc"
path = "https://static.rust-lang.org/dist/rustc-1.93.1-aarch64-apple-darwin.tar.gz"
includes = []
excludes = []
digest = "53c9d5b83e6f2c6b826d29043e36c104a179cc8eeb354424d1799632ec82bd3a"
platform = "aarch64-darwin"

[[sources]]
name = "rustfmt"
path = "https://static.rust-lang.org/dist/rustfmt-1.93.1-aarch64-apple-darwin.tar.gz"
includes = []
excludes = []
digest = "17b27bfbf46861bc587e5dc0e04fbc32cbd02f9b111867ffc79653261de7796a"
platform = "aarch64-darwin"
