version = 1
revision = 3
requires-python = "==3.13.*"

[[package]]
name = "grpcio"
version = "1.82.1"
source = { registry = "https://pypi.org/simple" }
dependencies = [
    { name = "typing-extensions" },
]
sdist = { url = "https://files.pythonhosted.org/packages/90/bc/656b89387d6f4ed7e0686c7b64c2ae7e554a759aa58122c8e5fb99392c32/grpcio-1.82.1.tar.gz", hash = "sha256:707b24abd90fcb1e45bcc080577da1dbf9971d107490589b9539af8e1e77b4b5", size = 13187300, upload-time = "2026-07-08T12:36:16.588Z" }
wheels = [
    { url = "https://files.pythonhosted.org/packages/1b/3e/496992d08c0aaa11272eb6228dc8ab947da01fe835de243cd00521bce4c4/grpcio-1.82.1-cp313-cp313-linux_armv7l.whl", hash = "sha256:b454a2d97bfab7565683a02345f86bd182ab69fd7c2bdb7414171e7538f266b1", size = 6146068, upload-time = "2026-07-08T12:35:21.365Z" },
    { url = "https://files.pythonhosted.org/packages/e7/8f/f263d6f14fdba6b56cfadd91fd3e158a52682b72c6016d1f8723d435659f/grpcio-1.82.1-cp313-cp313-macosx_11_0_universal2.whl", hash = "sha256:3dde70abfc80b3be11de53ba0d601c439e7fb2afd3583ad1788d1146bec92fdc", size = 11948600, upload-time = "2026-07-08T12:35:24.312Z" },
    { url = "https://files.pythonhosted.org/packages/8c/14/3a02e6ee49c2d85bc15eaae321e0e11ab3542cad3c5b2de121ecce0c4296/grpcio-1.82.1-cp313-cp313-manylinux2014_aarch64.manylinux_2_17_aarch64.whl", hash = "sha256:f5523099c98c292ea1ae08e617249db760c56a78f8deae879027fe7d1ffbcbf6", size = 6714591, upload-time = "2026-07-08T12:35:27.027Z" },
    { url = "https://files.pythonhosted.org/packages/69/80/58e3738696f48ab7645347b98d8a7f93d10e00e6218388fbfcd6c9310e3d/grpcio-1.82.1-cp313-cp313-manylinux2014_i686.manylinux_2_17_i686.whl", hash = "sha256:5e5c4dc0a59b0f8490a6bdfd6fc8395b9d8ad8a8407c7d67ca7b5bba15c0877f", size = 7454995, upload-time = "2026-07-08T12:35:29.599Z" },
    { url = "https://files.pythonhosted.org/packages/f3/6c/2557c1a889363072fbf2285ecd0e8c44860d4dbd60f017a32537c5b863e2/grpcio-1.82.1-cp313-cp313-manylinux2014_x86_64.manylinux_2_17_x86_64.whl", hash = "sha256:c40d94ba820329cc191981bc22fa6f6eed0799c6d921f3c6709521d59d4a2fd7", size = 6888621, upload-time = "2026-07-08T12:35:32.38Z" },
    { url = "https://files.pythonhosted.org/packages/d2/66/907706ccaff1223f1e10fd5b37fc16faead43392fccb4e786e7e390ac141/grpcio-1.82.1-cp313-cp313-musllinux_1_2_aarch64.whl", hash = "sha256:4c816180e31e273caaec6f8bd86a8392499d5bbb26f41da44e3dce48bde69095", size = 7505069, upload-time = "2026-07-08T12:35:35.072Z" },
    { url = "https://files.pythonhosted.org/packages/b3/7c/ff97b0d0f635987ee5ec80dfedafa1aad629303745d48e8637d10eec5b80/grpcio-1.82.1-cp313-cp313-musllinux_1_2_i686.whl", hash = "sha256:e31fd780b261830720cb70b0fd8f0aa51d49e75a66d7464ad2e31d4b765f2580", size = 8535384, upload-time = "2026-07-08T12:35:37.954Z" },
    { url = "https://files.pythonhosted.org/packages/62/9e/a97fddd970a8d1588cade06eca20443761c1858b0ad6590a5c835aa18062/grpcio-1.82.1-cp313-cp313-musllinux_1_2_x86_64.whl", hash = "sha256:9d76152d7c31d7210d4a106e5d8b64da5bba5d6abf11be30e2f7b0a0c59bbcbf", size = 7910707, upload-time = "2026-07-08T12:35:40.797Z" },
    { url = "https://files.pythonhosted.org/packages/20/e4/eaba1517888af483a88d449eb7566f0f7f63446d46f339c5891798435875/grpcio-1.82.1-cp313-cp313-win32.whl", hash = "sha256:38e9dcb5258226fb3282630b31b16a968df52c8c6ad514af540646e0a4578f8a", size = 4240363, upload-time = "2026-07-08T12:35:43.298Z" },
    { url = "https://files.pythonhosted.org/packages/b0/42/66a98d47732e35290bef722f6149fed3709cd4cf61166f6f53a12f417302/grpcio-1.82.1-cp313-cp313-win_amd64.whl", hash = "sha256:3dbfb52c36d9511ac2b8e6c94fdde837b393ae520cc321f52a333a2deedf5a90", size = 5000980, upload-time = "2026-07-08T12:35:46.262Z" },
]

[[package]]
name = "grpcio-tools"
version = "1.81.1"
source = { registry = "https://pypi.org/simple" }
dependencies = [
    { name = "grpcio" },
    { name = "protobuf" },
    { name = "setuptools" },
]
sdist = { url = "https://files.pythonhosted.org/packages/83/b3/1c5951352d6777fd7f99a0ccee04617fdfd8a5dbf2918a1f58c8b2b280b8/grpcio_tools-1.81.1.tar.gz", hash = "sha256:a22a3870180927fdd84e2b27d079ef5b7f5f8c6110181b6736afc17a463481f1", size = 6236155, upload-time = "2026-06-11T12:51:21.235Z" }
wheels = [
    { url = "https://files.pythonhosted.org/packages/76/90/5faa8b26e03495e5117f93bef8293cbada4af136362745dad7d1813ef0b0/grpcio_tools-1.81.1-cp313-cp313-linux_armv7l.whl", hash = "sha256:3d604b4fd114b79ebb9f865bf3e04fd3ae93c704e1fad96f7fd03b0865c263b7", size = 2586071, upload-time = "2026-06-11T12:50:28.4Z" },
    { url = "https://files.pythonhosted.org/packages/e8/9a/85dc589fa6ae2439451eaa81a1578de31e29c676980d38bef7549b8a1f45/grpcio_tools-1.81.1-cp313-cp313-macosx_11_0_universal2.whl", hash = "sha256:3389e705460efa3f3758141ba5520e6743b131c9576197c944fb9cbe49048126", size = 5813299, upload-time = "2026-06-11T12:50:31.295Z" },
    { url = "https://files.pythonhosted.org/packages/77/fd/c53994e58a837e6eefe48f53eb3492afc04f2b8af255df4adb37d14378f8/grpcio_tools-1.81.1-cp313-cp313-manylinux2014_aarch64.manylinux_2_17_aarch64.whl", hash = "sha256:8a17d8ceeb6a855fadf39f5171c80a382d97c4db98d5943eca553497fdebf84b", size = 2634668, upload-time = "2026-06-11T12:50:33.938Z" },
    { url = "https://files.pythonhosted.org/packages/34/32/de988e86688686a2117e7ce6ce9eff4f638c929bb55b0afe60d6fbd2e45c/grpcio_tools-1.81.1-cp313-cp313-manylinux2014_i686.manylinux_2_17_i686.whl", hash = "sha256:43baf71dc60fd653062da2e95e95c73b35dd130be8f9fa3d544c3af3f808a290", size = 2957930, upload-time = "2026-06-11T12:50:36.726Z" },
    { url = "https://files.pythonhosted.org/packages/72/97/3f18a0ea32b5f809d21961dbd0bc382b589a4c3d501e3d67c345d5456ed3/grpcio_tools-1.81.1-cp313-cp313-manylinux2014_x86_64.manylinux_2_17_x86_64.whl", hash = "sha256:136e90906af0df51ad929713244ba812d0dbb1844b4f467d5d86bdb054698f90", size = 2697760, upload-time = "2026-06-11T12:50:39.108Z" },
    { url = "https://files.pythonhosted.org/packages/49/c0/dbf5cbc877290ff7504a59959a8af4fdcfdaa1e84237948405ccf1aa82a6/grpcio_tools-1.81.1-cp313-cp313-musllinux_1_2_aarch64.whl", hash = "sha256:bd6c3bf3ea6a61eb58c54368d72ada591f2a270f3a31a32e8536e773337e76d9", size = 3151456, upload-time = "2026-06-11T12:50:41.983Z" },
    { url = "https://files.pythonhosted.org/packages/de/ea/16fe2dc83140a59e5c0a0b9dc2693dd36bfaa6bd835724b4ec66a68eab7b/grpcio_tools-1.81.1-cp313-cp313-musllinux_1_2_i686.whl", hash = "sha256:2c306c307f8f74cddc4056fdbb6f1da55de087a21120efbd02bd915daa5a52fd", size = 3710469, upload-time = "2026-06-11T12:50:44.596Z" },
    { url = "https://files.pythonhosted.org/packages/22/7d/df987d7d81e7ad2f7516d9e9d56ff29c54dbc6d8587e425688dca9a28e49/grpcio_tools-1.81.1-cp313-cp313-musllinux_1_2_x86_64.whl", hash = "sha256:bdbdc927be2e0ea13c32564a72ee31d712a716fb6f8c0d53d37a77d8277c272c", size = 3370488, upload-time = "2026-06-11T12:50:47.199Z" },
    { url = "https://files.pythonhosted.org/packages/ba/c5/5a63444d694ea47bf670138208f71830cc1759c402c8818092b28ab2dc5f/grpcio_tools-1.81.1-cp313-cp313-win32.whl", hash = "sha256:9d383724bcd67244b6def9e9164c640ee9380c0b7534ee7545a6fb0022a59afe", size = 1008229, upload-time = "2026-06-11T12:50:49.527Z" },
    { url = "https://files.pythonhosted.org/packages/00/75/3945e26d5c94ae6ed9be5caef73d4d66c47dc8cfdd7b4995efaf942754e0/grpcio_tools-1.81.1-cp313-cp313-win_amd64.whl", hash = "sha256:f3eb15849979ca7bb864ce81a74d68b0f225a7f111ed3fe212bfc08cf9812b10", size = 1174523, upload-time = "2026-06-11T12:50:51.755Z" },
]

[[package]]
name = "protobuf"
version = "6.33.6"
source = { registry = "https://pypi.org/simple" }
sdist = { url = "https://files.pythonhosted.org/packages/66/70/e908e9c5e52ef7c3a6c7902c9dfbb34c7e29c25d2f81ade3856445fd5c94/protobuf-6.33.6.tar.gz", hash = "sha256:a6768d25248312c297558af96a9f9c929e8c4cee0659cb07e780731095f38135", size = 444531, upload-time = "2026-03-18T19:05:00.988Z" }
wheels = [
    { url = "https://files.pythonhosted.org/packages/fc/9f/2f509339e89cfa6f6a4c4ff50438db9ca488dec341f7e454adad60150b00/protobuf-6.33.6-cp310-abi3-win32.whl", hash = "sha256:7d29d9b65f8afef196f8334e80d6bc1d5d4adedb449971fefd3723824e6e77d3", size = 425739, upload-time = "2026-03-18T19:04:48.373Z" },
    { url = "https://files.pythonhosted.org/packages/76/5d/683efcd4798e0030c1bab27374fd13a89f7c2515fb1f3123efdfaa5eab57/protobuf-6.33.6-cp310-abi3-win_amd64.whl", hash = "sha256:0cd27b587afca21b7cfa59a74dcbd48a50f0a6400cfb59391340ad729d91d326", size = 437089, upload-time = "2026-03-18T19:04:50.381Z" },
    { url = "https://files.pythonhosted.org/packages/5c/01/a3c3ed5cd186f39e7880f8303cc51385a198a81469d53d0fdecf1f64d929/protobuf-6.33.6-cp39-abi3-macosx_10_9_universal2.whl", hash = "sha256:9720e6961b251bde64edfdab7d500725a2af5280f3f4c87e57c0208376aa8c3a", size = 427737, upload-time = "2026-03-18T19:04:51.866Z" },
    { url = "https://files.pythonhosted.org/packages/ee/90/b3c01fdec7d2f627b3a6884243ba328c1217ed2d978def5c12dc50d328a3/protobuf-6.33.6-cp39-abi3-manylinux2014_aarch64.whl", hash = "sha256:e2afbae9b8e1825e3529f88d514754e094278bb95eadc0e199751cdd9a2e82a2", size = 324610, upload-time = "2026-03-18T19:04:53.096Z" },
    { url = "https://files.pythonhosted.org/packages/9b/ca/25afc144934014700c52e05103c2421997482d561f3101ff352e1292fb81/protobuf-6.33.6-cp39-abi3-manylinux2014_s390x.whl", hash = "sha256:c96c37eec15086b79762ed265d59ab204dabc53056e3443e702d2681f4b39ce3", size = 339381, upload-time = "2026-03-18T19:04:54.616Z" },
    { url = "https://files.pythonhosted.org/packages/16/92/d1e32e3e0d894fe00b15ce28ad4944ab692713f2e7f0a99787405e43533a/protobuf-6.33.6-cp39-abi3-manylinux2014_x86_64.whl", hash = "sha256:e9db7e292e0ab79dd108d7f1a94fe31601ce1ee3f7b79e0692043423020b0593", size = 323436, upload-time = "2026-03-18T19:04:55.768Z" },
    { url = "https://files.pythonhosted.org/packages/c4/72/02445137af02769918a93807b2b7890047c32bfb9f90371cbc12688819eb/protobuf-6.33.6-py3-none-any.whl", hash = "sha256:77179e006c476e69bf8e8ce866640091ec42e1beb80b213c3900006ecfba6901", size = 170656, upload-time = "2026-03-18T19:04:59.826Z" },
]

[[package]]
name = "setuptools"
version = "83.0.0"
source = { registry = "https://pypi.org/simple" }
sdist = { url = "https://files.pythonhosted.org/packages/34/26/f5d29e25ffdb535afef2d35cdb55b325298f96debd670da4c325e08d70f4/setuptools-83.0.0.tar.gz", hash = "sha256:025bccbbf0fa05b6192bc64ae1e7b16e001fd6d6d4d5de03c97b1c1ade523bef", size = 1154254, upload-time = "2026-07-04T15:31:22.699Z" }
wheels = [
    { url = "https://files.pythonhosted.org/packages/5d/40/e1e72872c6354b306daef1703549e8e83b4d43cfea356311bf722a043752/setuptools-83.0.0-py3-none-any.whl", hash = "sha256:29b23c360f22f414dc7336bb39178cc7bcbf6021ed2733cde173f09dba19abb3", size = 1008090, upload-time = "2026-07-04T15:31:20.885Z" },
]

[[package]]
name = "typing-extensions"
version = "4.16.0"
source = { registry = "https://pypi.org/simple" }
sdist = { url = "https://files.pythonhosted.org/packages/f6/cc/6253133b5bb138fc3306cebfbda2c520f545d36b5be2c7255cc528bb45d6/typing_extensions-4.16.0.tar.gz", hash = "sha256:dc983d19a509c94dba722ee6abd33940f7c05a89e243c47e907eb4db6f1a43e5", size = 113555, upload-time = "2026-07-02T08:40:05.92Z" }
wheels = [
    { url = "https://files.pythonhosted.org/packages/49/d3/b8441a820a491ddfc024b0b0cf0393375b75ea13866d9c66727e54c2fc80/typing_extensions-4.16.0-py3-none-any.whl", hash = "sha256:481caa481374e813c1b176ada14e97f1f67a4539ce9cfeb3f350d78d6370c2e8", size = 45571, upload-time = "2026-07-02T08:40:04.659Z" },
]

[[package]]
name = "vorpal-sdk"
version = "0.4.0"
source = { editable = "." }
dependencies = [
    { name = "grpcio" },
    { name = "protobuf" },
]

[package.dev-dependencies]
dev = [
    { name = "grpcio-tools" },
]

[package.metadata]
requires-dist = [
    { name = "grpcio", specifier = ">=1.73.0" },
    { name = "protobuf", specifier = ">=6.33.5,<7.0.0" },
]

[package.metadata.requires-dev]
dev = [{ name = "grpcio-tools", specifier = "==1.81.1" }]
