version = 1
revision = 3
requires-python = "==3.13.*"

[[package]]
name = "grpcio"
version = "1.83.1"
source = { registry = "https://pypi.org/simple" }
dependencies = [
    { name = "typing-extensions" },
]
sdist = { url = "https://files.pythonhosted.org/packages/e2/b1/46539f5050d7c316a13396d185451f95084a74ddc68b12d818595bef0377/grpcio-1.83.1.tar.gz", hash = "sha256:9cee6fcbf2eb57c4b49451787bfa87be8efc1ca02a0b327dd4b54d44502e362b", size = 13445033, upload-time = "2026-08-28T07:09:11.464Z" }
wheels = [
    { url = "https://files.pythonhosted.org/packages/7c/fd/d1fc58933bf88c9209f89dc570c810f1aa57cb04b3459cf2b26f61e32112/grpcio-1.83.1-cp313-cp313-linux_armv7l.whl", hash = "sha256:8d228e253b77865efcbdd7b5894ca882c9e0ea98c02b7d20582e61ded8dfd4b5", size = 6305628, upload-time = "2026-08-28T07:08:27.872Z" },
    { url = "https://files.pythonhosted.org/packages/c4/49/0b40bae059c619505c9b751cee6caa208e4904e290aaefa1728c4c2c67a5/grpcio-1.83.1-cp313-cp313-macosx_11_0_universal2.whl", hash = "sha256:0468b627f2987c9a77f7580030207cbd85457ffe52998beff4f0b5c38c58a72c", size = 12156839, upload-time = "2026-08-28T07:08:30.191Z" },
    { url = "https://files.pythonhosted.org/packages/61/4b/e8c0d635da0ee5ddd9950c8d540f5dcdd0ef1854a382cc55496a487a8d31/grpcio-1.83.1-cp313-cp313-manylinux2014_aarch64.manylinux_2_17_aarch64.whl", hash = "sha256:a6a282e81530cead60bbd752cc04950a57f224379e9821495d6a35bd5ce9b1f4", size = 6877036, upload-time = "2026-08-28T07:08:32.285Z" },
    { url = "https://files.pythonhosted.org/packages/c5/d4/760a33f339a7dd3d5f4b3e0e9bec5472d95592a80f887b2e9dab4e41cfbc/grpcio-1.83.1-cp313-cp313-manylinux2014_i686.manylinux_2_17_i686.whl", hash = "sha256:947d945f52e8ecf3cafd2bb7113502a16ccfda3e12c854443094de32d83ad432", size = 7624404, upload-time = "2026-08-28T07:08:34.194Z" },
    { url = "https://files.pythonhosted.org/packages/54/ec/bd798654b06fb42a92b57d1dc1b530084fa89ed442806fcd0a833a36f9b3/grpcio-1.83.1-cp313-cp313-manylinux2014_x86_64.manylinux_2_17_x86_64.whl", hash = "sha256:55656318d5dd387077396dffb929171ca3966e24bfead9a6c5dba9f889062cb4", size = 7042942, upload-time = "2026-08-28T07:08:36.208Z" },
    { url = "https://files.pythonhosted.org/packages/08/b0/c00f86614566dd0961825cf0f43d4f96a74371d9d95f952bcbc4b86d9a27/grpcio-1.83.1-cp313-cp313-musllinux_1_2_aarch64.whl", hash = "sha256:9daf5acf4fc9d5f5627229969c2580a91e511779d76e4ccdeb9f4770f05d8bc2", size = 7576937, upload-time = "2026-08-28T07:08:38.041Z" },
    { url = "https://files.pythonhosted.org/packages/b1/38/85eff43a5c89dc666a252b5c9f8e9ab03f89e11c95b6263d2933f08fdbe7/grpcio-1.83.1-cp313-cp313-musllinux_1_2_i686.whl", hash = "sha256:7b94174cbca93316888f805efbeb08f1c020f7b7493d2d50cc4f6b64ebb7e8bd", size = 8608391, upload-time = "2026-08-28T07:08:40.092Z" },
    { url = "https://files.pythonhosted.org/packages/35/4e/82835483e2f812494be865e7965c0d626cb9e71ab0d83a420d75aea4ad67/grpcio-1.83.1-cp313-cp313-musllinux_1_2_x86_64.whl", hash = "sha256:65c5a7210911ffe0f67b1cdc5308f9854b6d1f1b345e3e49ab7cac1ba50fa346", size = 7980060, upload-time = "2026-08-28T07:08:42.434Z" },
    { url = "https://files.pythonhosted.org/packages/b2/b7/68a98bef733fef704fbcfb3957c8dba67e3e38ca7a7fea851195bc97c648/grpcio-1.83.1-cp313-cp313-win32.whl", hash = "sha256:179368d9361854616ce6f397d4716e07480129652752fcbcfc5a7260455ad6f2", size = 4395226, upload-time = "2026-08-28T07:08:44.463Z" },
    { url = "https://files.pythonhosted.org/packages/85/a0/df4de3b51d37ac8fb0320bb9668381ce2bd3b7aa990880bfc56a8a26f665/grpcio-1.83.1-cp313-cp313-win_amd64.whl", hash = "sha256:2e57af456385491a76e13c4aada8c8f43a8e47051e06ea97a9dbe2a49654e6db", size = 5160273, upload-time = "2026-08-28T07:08:46.216Z" },
]

[[package]]
name = "grpcio-tools"
version = "1.81.1"
source = { registry = "https://pypi.org/simple" }
dependencies = [
    { name = "grpcio" },
    { name = "protobuf" },
    { name = "setuptools" },
]
sdist = { url = "https://files.pythonhosted.org/packages/83/b3/1c5951352d6777fd7f99a0ccee04617fdfd8a5dbf2918a1f58c8b2b280b8/grpcio_tools-1.81.1.tar.gz", hash = "sha256:a22a3870180927fdd84e2b27d079ef5b7f5f8c6110181b6736afc17a463481f1", size = 6236155, upload-time = "2026-06-11T12:51:21.235Z" }
wheels = [
    { url = "https://files.pythonhosted.org/packages/76/90/5faa8b26e03495e5117f93bef8293cbada4af136362745dad7d1813ef0b0/grpcio_tools-1.81.1-cp313-cp313-linux_armv7l.whl", hash = "sha256:3d604b4fd114b79ebb9f865bf3e04fd3ae93c704e1fad96f7fd03b0865c263b7", size = 2586071, upload-time = "2026-06-11T12:50:28.4Z" },
    { url = "https://files.pythonhosted.org/packages/e8/9a/85dc589fa6ae2439451eaa81a1578de31e29c676980d38bef7549b8a1f45/grpcio_tools-1.81.1-cp313-cp313-macosx_11_0_universal2.whl", hash = "sha256:3389e705460efa3f3758141ba5520e6743b131c9576197c944fb9cbe49048126", size = 5813299, upload-time = "2026-06-11T12:50:31.295Z" },
    { url = "https://files.pythonhosted.org/packages/77/fd/c53994e58a837e6eefe48f53eb3492afc04f2b8af255df4adb37d14378f8/grpcio_tools-1.81.1-cp313-cp313-manylinux2014_aarch64.manylinux_2_17_aarch64.whl", hash = "sha256:8a17d8ceeb6a855fadf39f5171c80a382d97c4db98d5943eca553497fdebf84b", size = 2634668, upload-time = "2026-06-11T12:50:33.938Z" },
    { url = "https://files.pythonhosted.org/packages/34/32/de988e86688686a2117e7ce6ce9eff4f638c929bb55b0afe60d6fbd2e45c/grpcio_tools-1.81.1-cp313-cp313-manylinux2014_i686.manylinux_2_17_i686.whl", hash = "sha256:43baf71dc60fd653062da2e95e95c73b35dd130be8f9fa3d544c3af3f808a290", size = 2957930, upload-time = "2026-06-11T12:50:36.726Z" },
    { url = "https://files.pythonhosted.org/packages/72/97/3f18a0ea32b5f809d21961dbd0bc382b589a4c3d501e3d67c345d5456ed3/grpcio_tools-1.81.1-cp313-cp313-manylinux2014_x86_64.manylinux_2_17_x86_64.whl", hash = "sha256:136e90906af0df51ad929713244ba812d0dbb1844b4f467d5d86bdb054698f90", size = 2697760, upload-time = "2026-06-11T12:50:39.108Z" },
    { url = "https://files.pythonhosted.org/packages/49/c0/dbf5cbc877290ff7504a59959a8af4fdcfdaa1e84237948405ccf1aa82a6/grpcio_tools-1.81.1-cp313-cp313-musllinux_1_2_aarch64.whl", hash = "sha256:bd6c3bf3ea6a61eb58c54368d72ada591f2a270f3a31a32e8536e773337e76d9", size = 3151456, upload-time = "2026-06-11T12:50:41.983Z" },
    { url = "https://files.pythonhosted.org/packages/de/ea/16fe2dc83140a59e5c0a0b9dc2693dd36bfaa6bd835724b4ec66a68eab7b/grpcio_tools-1.81.1-cp313-cp313-musllinux_1_2_i686.whl", hash = "sha256:2c306c307f8f74cddc4056fdbb6f1da55de087a21120efbd02bd915daa5a52fd", size = 3710469, upload-time = "2026-06-11T12:50:44.596Z" },
    { url = "https://files.pythonhosted.org/packages/22/7d/df987d7d81e7ad2f7516d9e9d56ff29c54dbc6d8587e425688dca9a28e49/grpcio_tools-1.81.1-cp313-cp313-musllinux_1_2_x86_64.whl", hash = "sha256:bdbdc927be2e0ea13c32564a72ee31d712a716fb6f8c0d53d37a77d8277c272c", size = 3370488, upload-time = "2026-06-11T12:50:47.199Z" },
    { url = "https://files.pythonhosted.org/packages/ba/c5/5a63444d694ea47bf670138208f71830cc1759c402c8818092b28ab2dc5f/grpcio_tools-1.81.1-cp313-cp313-win32.whl", hash = "sha256:9d383724bcd67244b6def9e9164c640ee9380c0b7534ee7545a6fb0022a59afe", size = 1008229, upload-time = "2026-06-11T12:50:49.527Z" },
    { url = "https://files.pythonhosted.org/packages/00/75/3945e26d5c94ae6ed9be5caef73d4d66c47dc8cfdd7b4995efaf942754e0/grpcio_tools-1.81.1-cp313-cp313-win_amd64.whl", hash = "sha256:f3eb15849979ca7bb864ce81a74d68b0f225a7f111ed3fe212bfc08cf9812b10", size = 1174523, upload-time = "2026-06-11T12:50:51.755Z" },
]

[[package]]
name = "protobuf"
version = "6.33.6"
source = { registry = "https://pypi.org/simple" }
sdist = { url = "https://files.pythonhosted.org/packages/66/70/e908e9c5e52ef7c3a6c7902c9dfbb34c7e29c25d2f81ade3856445fd5c94/protobuf-6.33.6.tar.gz", hash = "sha256:a6768d25248312c297558af96a9f9c929e8c4cee0659cb07e780731095f38135", size = 444531, upload-time = "2026-03-18T19:05:00.988Z" }
wheels = [
    { url = "https://files.pythonhosted.org/packages/fc/9f/2f509339e89cfa6f6a4c4ff50438db9ca488dec341f7e454adad60150b00/protobuf-6.33.6-cp310-abi3-win32.whl", hash = "sha256:7d29d9b65f8afef196f8334e80d6bc1d5d4adedb449971fefd3723824e6e77d3", size = 425739, upload-time = "2026-03-18T19:04:48.373Z" },
    { url = "https://files.pythonhosted.org/packages/76/5d/683efcd4798e0030c1bab27374fd13a89f7c2515fb1f3123efdfaa5eab57/protobuf-6.33.6-cp310-abi3-win_amd64.whl", hash = "sha256:0cd27b587afca21b7cfa59a74dcbd48a50f0a6400cfb59391340ad729d91d326", size = 437089, upload-time = "2026-03-18T19:04:50.381Z" },
    { url = "https://files.pythonhosted.org/packages/5c/01/a3c3ed5cd186f39e7880f8303cc51385a198a81469d53d0fdecf1f64d929/protobuf-6.33.6-cp39-abi3-macosx_10_9_universal2.whl", hash = "sha256:9720e6961b251bde64edfdab7d500725a2af5280f3f4c87e57c0208376aa8c3a", size = 427737, upload-time = "2026-03-18T19:04:51.866Z" },
    { url = "https://files.pythonhosted.org/packages/ee/90/b3c01fdec7d2f627b3a6884243ba328c1217ed2d978def5c12dc50d328a3/protobuf-6.33.6-cp39-abi3-manylinux2014_aarch64.whl", hash = "sha256:e2afbae9b8e1825e3529f88d514754e094278bb95eadc0e199751cdd9a2e82a2", size = 324610, upload-time = "2026-03-18T19:04:53.096Z" },
    { url = "https://files.pythonhosted.org/packages/9b/ca/25afc144934014700c52e05103c2421997482d561f3101ff352e1292fb81/protobuf-6.33.6-cp39-abi3-manylinux2014_s390x.whl", hash = "sha256:c96c37eec15086b79762ed265d59ab204dabc53056e3443e702d2681f4b39ce3", size = 339381, upload-time = "2026-03-18T19:04:54.616Z" },
    { url = "https://files.pythonhosted.org/packages/16/92/d1e32e3e0d894fe00b15ce28ad4944ab692713f2e7f0a99787405e43533a/protobuf-6.33.6-cp39-abi3-manylinux2014_x86_64.whl", hash = "sha256:e9db7e292e0ab79dd108d7f1a94fe31601ce1ee3f7b79e0692043423020b0593", size = 323436, upload-time = "2026-03-18T19:04:55.768Z" },
    { url = "https://files.pythonhosted.org/packages/c4/72/02445137af02769918a93807b2b7890047c32bfb9f90371cbc12688819eb/protobuf-6.33.6-py3-none-any.whl", hash = "sha256:77179e006c476e69bf8e8ce866640091ec42e1beb80b213c3900006ecfba6901", size = 170656, upload-time = "2026-03-18T19:04:59.826Z" },
]

[[package]]
name = "setuptools"
version = "84.0.0"
source = { registry = "https://pypi.org/simple" }
sdist = { url = "https://files.pythonhosted.org/packages/6d/44/f5da03a8ef95d369145c5bb53050e7877c9f3d312e128605fd9504829143/setuptools-84.0.0.tar.gz", hash = "sha256:f4695c21257f0d9b537ec2692c941d02ee143b7cc1276941349a546573b2ef73", size = 1168449, upload-time = "2026-08-08T18:27:58.365Z" }
wheels = [
    { url = "https://files.pythonhosted.org/packages/95/9c/c510029fc6ef33a6275cd2c5d3cecd6613dfd6aa401d57c54f1c18852ccf/setuptools-84.0.0-py3-none-any.whl", hash = "sha256:51a52592b3b99e102b609654876bd65f19f999935166d1352678931132b0c670", size = 818216, upload-time = "2026-08-08T18:27:56.719Z" },
]

[[package]]
name = "typing-extensions"
version = "4.16.0"
source = { registry = "https://pypi.org/simple" }
sdist = { url = "https://files.pythonhosted.org/packages/f6/cc/6253133b5bb138fc3306cebfbda2c520f545d36b5be2c7255cc528bb45d6/typing_extensions-4.16.0.tar.gz", hash = "sha256:dc983d19a509c94dba722ee6abd33940f7c05a89e243c47e907eb4db6f1a43e5", size = 113555, upload-time = "2026-07-02T08:40:05.92Z" }
wheels = [
    { url = "https://files.pythonhosted.org/packages/49/d3/b8441a820a491ddfc024b0b0cf0393375b75ea13866d9c66727e54c2fc80/typing_extensions-4.16.0-py3-none-any.whl", hash = "sha256:481caa481374e813c1b176ada14e97f1f67a4539ce9cfeb3f350d78d6370c2e8", size = 45571, upload-time = "2026-07-02T08:40:04.659Z" },
]

[[package]]
name = "vorpal-sdk"
version = "0.4.0"
source = { editable = "." }
dependencies = [
    { name = "grpcio" },
    { name = "protobuf" },
]

[package.dev-dependencies]
dev = [
    { name = "grpcio-tools" },
]

[package.metadata]
requires-dist = [
    { name = "grpcio", specifier = ">=1.73.0" },
    { name = "protobuf", specifier = ">=6.33.5,<7.0.0" },
]

[package.metadata.requires-dev]
dev = [{ name = "grpcio-tools", specifier = "==1.81.1" }]
